// !$*UTF8*$!
{
	archiveVersion = 1;
	classes = {
	};
	objectVersion = 56;
	objects = {

/* Begin PBXBuildFile section */
		0D3438382BFE2451000B20CC /* PreviewAvatarBuilder.swift in Sources */ = {isa = PBXBuildFile; fileRef = 0D3438372BFE2451000B20CC /* PreviewAvatarBuilder.swift */; };
		0D34383A2BFE247D000B20CC /* PreviewAvatarPresenter.swift in Sources */ = {isa = PBXBuildFile; fileRef = 0D3438392BFE247D000B20CC /* PreviewAvatarPresenter.swift */; };
		0D34383C2BFE2490000B20CC /* PreviewAvatarRouter.swift in Sources */ = {isa = PBXBuildFile; fileRef = 0D34383B2BFE2490000B20CC /* PreviewAvatarRouter.swift */; };
		0D34383E2BFE249E000B20CC /* PreviewAvatarViewController.swift in Sources */ = {isa = PBXBuildFile; fileRef = 0D34383D2BFE249E000B20CC /* PreviewAvatarViewController.swift */; };
		0D3438422BFE59BF000B20CC /* (null) in Sources */ = {isa = PBXBuildFile; };
		0D3438452BFE5BBE000B20CC /* (null) in Sources */ = {isa = PBXBuildFile; };
		0D3438472BFE5BC4000B20CC /* (null) in Sources */ = {isa = PBXBuildFile; };
		0D3438492BFE5BCB000B20CC /* (null) in Sources */ = {isa = PBXBuildFile; };
		0D34384B2BFE5BD3000B20CC /* (null) in Sources */ = {isa = PBXBuildFile; };
		0D3438502BFE62F2000B20CC /* (null) in Sources */ = {isa = PBXBuildFile; };
		0D4F98082BF8BA2200E82383 /* PlayersTableView.swift in Sources */ = {isa = PBXBuildFile; fileRef = 0D4F98072BF8BA2200E82383 /* PlayersTableView.swift */; };
		0D4F980A2BF8BA3200E82383 /* PlayerStatsCell.swift in Sources */ = {isa = PBXBuildFile; fileRef = 0D4F98092BF8BA3200E82383 /* PlayerStatsCell.swift */; };
		0D4F980C2BF8BA6200E82383 /* PlayerStats.swift in Sources */ = {isa = PBXBuildFile; fileRef = 0D4F980B2BF8BA6200E82383 /* PlayerStats.swift */; };
		0DCFF9502C0509E700DA858A /* TeamPlayersTableView.swift in Sources */ = {isa = PBXBuildFile; fileRef = 0DCFF94F2C0509E700DA858A /* TeamPlayersTableView.swift */; };
		0DCFF9522C050A0200DA858A /* Player.swift in Sources */ = {isa = PBXBuildFile; fileRef = 0DCFF9512C050A0200DA858A /* Player.swift */; };
		0DCFF9542C050A1C00DA858A /* PlayerCell.swift in Sources */ = {isa = PBXBuildFile; fileRef = 0DCFF9532C050A1C00DA858A /* PlayerCell.swift */; };
		0DCFF96F2C064C4200DA858A /* MatchBuilder.swift in Sources */ = {isa = PBXBuildFile; fileRef = 0DCFF96A2C064C4200DA858A /* MatchBuilder.swift */; };
		0DCFF9702C064C4200DA858A /* MatchPresenter.swift in Sources */ = {isa = PBXBuildFile; fileRef = 0DCFF96B2C064C4200DA858A /* MatchPresenter.swift */; };
		0DCFF9712C064C4200DA858A /* MatchRouter.swift in Sources */ = {isa = PBXBuildFile; fileRef = 0DCFF96C2C064C4200DA858A /* MatchRouter.swift */; };
		0DCFF9722C064C4200DA858A /* MatchViewController.swift in Sources */ = {isa = PBXBuildFile; fileRef = 0DCFF96D2C064C4200DA858A /* MatchViewController.swift */; };
		0DCFF9762C064E7800DA858A /* AppTagView.swift in Sources */ = {isa = PBXBuildFile; fileRef = 0DCFF9742C064E7800DA858A /* AppTagView.swift */; };
		0DDB12D42BFA426A00ADA2D1 /* TeamBuilder.swift in Sources */ = {isa = PBXBuildFile; fileRef = 0DDB12D32BFA426900ADA2D1 /* TeamBuilder.swift */; };
		0DDB12D62BFA426F00ADA2D1 /* TeamPresenter.swift in Sources */ = {isa = PBXBuildFile; fileRef = 0DDB12D52BFA426F00ADA2D1 /* TeamPresenter.swift */; };
		0DDB12D82BFA427500ADA2D1 /* TeamRouter.swift in Sources */ = {isa = PBXBuildFile; fileRef = 0DDB12D72BFA427500ADA2D1 /* TeamRouter.swift */; };
		0DDB12DA2BFA427B00ADA2D1 /* TeamViewController.swift in Sources */ = {isa = PBXBuildFile; fileRef = 0DDB12D92BFA427B00ADA2D1 /* TeamViewController.swift */; };
		0DDB12DD2BFBB09800ADA2D1 /* RefereeCodeBuilder.swift in Sources */ = {isa = PBXBuildFile; fileRef = 0DDB12DC2BFBB09800ADA2D1 /* RefereeCodeBuilder.swift */; };
		0DDB12DF2BFBB0A300ADA2D1 /* RefereeCodePresenter.swift in Sources */ = {isa = PBXBuildFile; fileRef = 0DDB12DE2BFBB0A300ADA2D1 /* RefereeCodePresenter.swift */; };
		0DDB12E12BFBB0AB00ADA2D1 /* RefereeCodeRouter.swift in Sources */ = {isa = PBXBuildFile; fileRef = 0DDB12E02BFBB0AB00ADA2D1 /* RefereeCodeRouter.swift */; };
		0DDB12E32BFBB0B100ADA2D1 /* RefereeCodeViewController.swift in Sources */ = {isa = PBXBuildFile; fileRef = 0DDB12E22BFBB0B100ADA2D1 /* RefereeCodeViewController.swift */; };
		0DDB12E52BFBB7FE00ADA2D1 /* UIViewControllerExtension.swift in Sources */ = {isa = PBXBuildFile; fileRef = 0DDB12E42BFBB7FE00ADA2D1 /* UIViewControllerExtension.swift */; };
		0DE704012BF6539600315374 /* AppDelegate.swift in Sources */ = {isa = PBXBuildFile; fileRef = 0DE704002BF6539600315374 /* AppDelegate.swift */; };
		0DE704032BF6539600315374 /* SceneDelegate.swift in Sources */ = {isa = PBXBuildFile; fileRef = 0DE704022BF6539600315374 /* SceneDelegate.swift */; };
		0DE7040A2BF6539700315374 /* Assets.xcassets in Resources */ = {isa = PBXBuildFile; fileRef = 0DE704092BF6539700315374 /* Assets.xcassets */; };
		0DE7040D2BF6539700315374 /* Base in Resources */ = {isa = PBXBuildFile; fileRef = 0DE7040C2BF6539700315374 /* Base */; };
		0DE704172BF655C200315374 /* UIViewPin.swift in Sources */ = {isa = PBXBuildFile; fileRef = 0DE704162BF655C200315374 /* UIViewPin.swift */; };
		0DE704192BF655DF00315374 /* CustomTransitioning.swift in Sources */ = {isa = PBXBuildFile; fileRef = 0DE704182BF655DF00315374 /* CustomTransitioning.swift */; };
		0DE7041C2BF6561700315374 /* UIViewExtension.swift in Sources */ = {isa = PBXBuildFile; fileRef = 0DE7041B2BF6561700315374 /* UIViewExtension.swift */; };
		0DE7041F2BF6564500315374 /* MainViewController.swift in Sources */ = {isa = PBXBuildFile; fileRef = 0DE7041E2BF6564500315374 /* MainViewController.swift */; };
		0DE704212BF6564B00315374 /* MainBuilder.swift in Sources */ = {isa = PBXBuildFile; fileRef = 0DE704202BF6564B00315374 /* MainBuilder.swift */; };
		0DE704232BF6565C00315374 /* MainPresenter.swift in Sources */ = {isa = PBXBuildFile; fileRef = 0DE704222BF6565C00315374 /* MainPresenter.swift */; };
		0DE704252BF6566100315374 /* MainRouter.swift in Sources */ = {isa = PBXBuildFile; fileRef = 0DE704242BF6566100315374 /* MainRouter.swift */; };
		0DE704282BF6573500315374 /* SettingsViewController.swift in Sources */ = {isa = PBXBuildFile; fileRef = 0DE704272BF6573500315374 /* SettingsViewController.swift */; };
		0DE7042A2BF6573B00315374 /* SettingsRouter.swift in Sources */ = {isa = PBXBuildFile; fileRef = 0DE704292BF6573B00315374 /* SettingsRouter.swift */; };
		0DE7042C2BF6574400315374 /* SettingsPresenter.swift in Sources */ = {isa = PBXBuildFile; fileRef = 0DE7042B2BF6574400315374 /* SettingsPresenter.swift */; };
		0DE7042E2BF6574B00315374 /* SettingsBuilder.swift in Sources */ = {isa = PBXBuildFile; fileRef = 0DE7042D2BF6574B00315374 /* SettingsBuilder.swift */; };
		0DE704302BF6584C00315374 /* Constants.swift in Sources */ = {isa = PBXBuildFile; fileRef = 0DE7042F2BF6584C00315374 /* Constants.swift */; };
		0DE704332BF659AB00315374 /* Jellee-Roman.otf in Resources */ = {isa = PBXBuildFile; fileRef = 0DE704322BF659AB00315374 /* Jellee-Roman.otf */; };
		0DE704372BF65E9A00315374 /* AppIconCollectionView.swift in Sources */ = {isa = PBXBuildFile; fileRef = 0DE704362BF65E9A00315374 /* AppIconCollectionView.swift */; };
		0DE7043A2BF65EB800315374 /* AppIcon.swift in Sources */ = {isa = PBXBuildFile; fileRef = 0DE704392BF65EB800315374 /* AppIcon.swift */; };
		0DE7043C2BF65F2000315374 /* AppIconCell.swift in Sources */ = {isa = PBXBuildFile; fileRef = 0DE7043B2BF65F2000315374 /* AppIconCell.swift */; };
		0DE7043E2BF663C500315374 /* CustomTableViewCell.swift in Sources */ = {isa = PBXBuildFile; fileRef = 0DE7043D2BF663C500315374 /* CustomTableViewCell.swift */; };
		0DE704402BF663DC00315374 /* PrimaryTableView.swift in Sources */ = {isa = PBXBuildFile; fileRef = 0DE7043F2BF663DC00315374 /* PrimaryTableView.swift */; };
		0DE704432BF6679100315374 /* DevInfoViewController.swift in Sources */ = {isa = PBXBuildFile; fileRef = 0DE704422BF6679100315374 /* DevInfoViewController.swift */; };
		0DE704452BF6679900315374 /* DevInfoBuilder.swift in Sources */ = {isa = PBXBuildFile; fileRef = 0DE704442BF6679900315374 /* DevInfoBuilder.swift */; };
		0DE7044B2BF669F700315374 /* UILabelExtension.swift in Sources */ = {isa = PBXBuildFile; fileRef = 0DE7044A2BF669F700315374 /* UILabelExtension.swift */; };
		0DE7044E2BF6912000315374 /* RefereeView.swift in Sources */ = {isa = PBXBuildFile; fileRef = 0DE7044D2BF6912000315374 /* RefereeView.swift */; };
		0DE704502BF7C88900315374 /* GamesStatsTableView.swift in Sources */ = {isa = PBXBuildFile; fileRef = 0DE7044F2BF7C88900315374 /* GamesStatsTableView.swift */; };
		0DE704532BF7C8BF00315374 /* GamesStatsCell.swift in Sources */ = {isa = PBXBuildFile; fileRef = 0DE704522BF7C8BF00315374 /* GamesStatsCell.swift */; };
		0DE704552BF7C9AA00315374 /* TeamGamesStats.swift in Sources */ = {isa = PBXBuildFile; fileRef = 0DE704542BF7C9AA00315374 /* TeamGamesStats.swift */; };
/* End PBXBuildFile section */

/* Begin PBXFileReference section */
		0D3438372BFE2451000B20CC /* PreviewAvatarBuilder.swift */ = {isa = PBXFileReference; lastKnownFileType = sourcecode.swift; path = PreviewAvatarBuilder.swift; sourceTree = "<group>"; };
		0D3438392BFE247D000B20CC /* PreviewAvatarPresenter.swift */ = {isa = PBXFileReference; lastKnownFileType = sourcecode.swift; path = PreviewAvatarPresenter.swift; sourceTree = "<group>"; };
		0D34383B2BFE2490000B20CC /* PreviewAvatarRouter.swift */ = {isa = PBXFileReference; lastKnownFileType = sourcecode.swift; path = PreviewAvatarRouter.swift; sourceTree = "<group>"; };
		0D34383D2BFE249E000B20CC /* PreviewAvatarViewController.swift */ = {isa = PBXFileReference; lastKnownFileType = sourcecode.swift; path = PreviewAvatarViewController.swift; sourceTree = "<group>"; };
		0D4F98072BF8BA2200E82383 /* PlayersTableView.swift */ = {isa = PBXFileReference; lastKnownFileType = sourcecode.swift; path = PlayersTableView.swift; sourceTree = "<group>"; };
		0D4F98092BF8BA3200E82383 /* PlayerStatsCell.swift */ = {isa = PBXFileReference; lastKnownFileType = sourcecode.swift; path = PlayerStatsCell.swift; sourceTree = "<group>"; };
		0D4F980B2BF8BA6200E82383 /* PlayerStats.swift */ = {isa = PBXFileReference; lastKnownFileType = sourcecode.swift; path = PlayerStats.swift; sourceTree = "<group>"; };
		0DCFF94F2C0509E700DA858A /* TeamPlayersTableView.swift */ = {isa = PBXFileReference; lastKnownFileType = sourcecode.swift; path = TeamPlayersTableView.swift; sourceTree = "<group>"; };
		0DCFF9512C050A0200DA858A /* Player.swift */ = {isa = PBXFileReference; lastKnownFileType = sourcecode.swift; path = Player.swift; sourceTree = "<group>"; };
		0DCFF9532C050A1C00DA858A /* PlayerCell.swift */ = {isa = PBXFileReference; lastKnownFileType = sourcecode.swift; path = PlayerCell.swift; sourceTree = "<group>"; };
		0DCFF96A2C064C4200DA858A /* MatchBuilder.swift */ = {isa = PBXFileReference; fileEncoding = 4; lastKnownFileType = sourcecode.swift; path = MatchBuilder.swift; sourceTree = "<group>"; };
		0DCFF96B2C064C4200DA858A /* MatchPresenter.swift */ = {isa = PBXFileReference; fileEncoding = 4; lastKnownFileType = sourcecode.swift; path = MatchPresenter.swift; sourceTree = "<group>"; };
		0DCFF96C2C064C4200DA858A /* MatchRouter.swift */ = {isa = PBXFileReference; fileEncoding = 4; lastKnownFileType = sourcecode.swift; path = MatchRouter.swift; sourceTree = "<group>"; };
		0DCFF96D2C064C4200DA858A /* MatchViewController.swift */ = {isa = PBXFileReference; fileEncoding = 4; lastKnownFileType = sourcecode.swift; path = MatchViewController.swift; sourceTree = "<group>"; };
		0DCFF9742C064E7800DA858A /* AppTagView.swift */ = {isa = PBXFileReference; fileEncoding = 4; lastKnownFileType = sourcecode.swift; path = AppTagView.swift; sourceTree = "<group>"; };
		0DDB12D32BFA426900ADA2D1 /* TeamBuilder.swift */ = {isa = PBXFileReference; lastKnownFileType = sourcecode.swift; path = TeamBuilder.swift; sourceTree = "<group>"; };
		0DDB12D52BFA426F00ADA2D1 /* TeamPresenter.swift */ = {isa = PBXFileReference; lastKnownFileType = sourcecode.swift; path = TeamPresenter.swift; sourceTree = "<group>"; };
		0DDB12D72BFA427500ADA2D1 /* TeamRouter.swift */ = {isa = PBXFileReference; lastKnownFileType = sourcecode.swift; path = TeamRouter.swift; sourceTree = "<group>"; };
		0DDB12D92BFA427B00ADA2D1 /* TeamViewController.swift */ = {isa = PBXFileReference; lastKnownFileType = sourcecode.swift; path = TeamViewController.swift; sourceTree = "<group>"; };
		0DDB12DC2BFBB09800ADA2D1 /* RefereeCodeBuilder.swift */ = {isa = PBXFileReference; lastKnownFileType = sourcecode.swift; path = RefereeCodeBuilder.swift; sourceTree = "<group>"; };
		0DDB12DE2BFBB0A300ADA2D1 /* RefereeCodePresenter.swift */ = {isa = PBXFileReference; lastKnownFileType = sourcecode.swift; path = RefereeCodePresenter.swift; sourceTree = "<group>"; };
		0DDB12E02BFBB0AB00ADA2D1 /* RefereeCodeRouter.swift */ = {isa = PBXFileReference; lastKnownFileType = sourcecode.swift; path = RefereeCodeRouter.swift; sourceTree = "<group>"; };
		0DDB12E22BFBB0B100ADA2D1 /* RefereeCodeViewController.swift */ = {isa = PBXFileReference; lastKnownFileType = sourcecode.swift; path = RefereeCodeViewController.swift; sourceTree = "<group>"; };
		0DDB12E42BFBB7FE00ADA2D1 /* UIViewControllerExtension.swift */ = {isa = PBXFileReference; lastKnownFileType = sourcecode.swift; path = UIViewControllerExtension.swift; sourceTree = "<group>"; };
		0DE703FD2BF6539600315374 /* FMKLApp.app */ = {isa = PBXFileReference; explicitFileType = wrapper.application; includeInIndex = 0; path = FMKLApp.app; sourceTree = BUILT_PRODUCTS_DIR; };
		0DE704002BF6539600315374 /* AppDelegate.swift */ = {isa = PBXFileReference; lastKnownFileType = sourcecode.swift; path = AppDelegate.swift; sourceTree = "<group>"; };
		0DE704022BF6539600315374 /* SceneDelegate.swift */ = {isa = PBXFileReference; lastKnownFileType = sourcecode.swift; path = SceneDelegate.swift; sourceTree = "<group>"; };
		0DE704092BF6539700315374 /* Assets.xcassets */ = {isa = PBXFileReference; lastKnownFileType = folder.assetcatalog; path = Assets.xcassets; sourceTree = "<group>"; };
		0DE7040C2BF6539700315374 /* Base */ = {isa = PBXFileReference; lastKnownFileType = file.storyboard; name = Base; path = Base.lproj/LaunchScreen.storyboard; sourceTree = "<group>"; };
		0DE7040E2BF6539700315374 /* Info.plist */ = {isa = PBXFileReference; lastKnownFileType = text.plist.xml; path = Info.plist; sourceTree = "<group>"; };
		0DE704162BF655C200315374 /* UIViewPin.swift */ = {isa = PBXFileReference; lastKnownFileType = sourcecode.swift; path = UIViewPin.swift; sourceTree = "<group>"; };
		0DE704182BF655DF00315374 /* CustomTransitioning.swift */ = {isa = PBXFileReference; lastKnownFileType = sourcecode.swift; path = CustomTransitioning.swift; sourceTree = "<group>"; };
		0DE7041B2BF6561700315374 /* UIViewExtension.swift */ = {isa = PBXFileReference; lastKnownFileType = sourcecode.swift; path = UIViewExtension.swift; sourceTree = "<group>"; };
		0DE7041E2BF6564500315374 /* MainViewController.swift */ = {isa = PBXFileReference; lastKnownFileType = sourcecode.swift; path = MainViewController.swift; sourceTree = "<group>"; };
		0DE704202BF6564B00315374 /* MainBuilder.swift */ = {isa = PBXFileReference; lastKnownFileType = sourcecode.swift; path = MainBuilder.swift; sourceTree = "<group>"; };
		0DE704222BF6565C00315374 /* MainPresenter.swift */ = {isa = PBXFileReference; lastKnownFileType = sourcecode.swift; path = MainPresenter.swift; sourceTree = "<group>"; };
		0DE704242BF6566100315374 /* MainRouter.swift */ = {isa = PBXFileReference; lastKnownFileType = sourcecode.swift; path = MainRouter.swift; sourceTree = "<group>"; };
		0DE704272BF6573500315374 /* SettingsViewController.swift */ = {isa = PBXFileReference; lastKnownFileType = sourcecode.swift; path = SettingsViewController.swift; sourceTree = "<group>"; };
		0DE704292BF6573B00315374 /* SettingsRouter.swift */ = {isa = PBXFileReference; lastKnownFileType = sourcecode.swift; path = SettingsRouter.swift; sourceTree = "<group>"; };
		0DE7042B2BF6574400315374 /* SettingsPresenter.swift */ = {isa = PBXFileReference; lastKnownFileType = sourcecode.swift; path = SettingsPresenter.swift; sourceTree = "<group>"; };
		0DE7042D2BF6574B00315374 /* SettingsBuilder.swift */ = {isa = PBXFileReference; lastKnownFileType = sourcecode.swift; path = SettingsBuilder.swift; sourceTree = "<group>"; };
		0DE7042F2BF6584C00315374 /* Constants.swift */ = {isa = PBXFileReference; lastKnownFileType = sourcecode.swift; path = Constants.swift; sourceTree = "<group>"; };
		0DE704322BF659AB00315374 /* Jellee-Roman.otf */ = {isa = PBXFileReference; lastKnownFileType = file; path = "Jellee-Roman.otf"; sourceTree = "<group>"; };
		0DE704362BF65E9A00315374 /* AppIconCollectionView.swift */ = {isa = PBXFileReference; lastKnownFileType = sourcecode.swift; path = AppIconCollectionView.swift; sourceTree = "<group>"; };
		0DE704392BF65EB800315374 /* AppIcon.swift */ = {isa = PBXFileReference; lastKnownFileType = sourcecode.swift; path = AppIcon.swift; sourceTree = "<group>"; };
		0DE7043B2BF65F2000315374 /* AppIconCell.swift */ = {isa = PBXFileReference; lastKnownFileType = sourcecode.swift; path = AppIconCell.swift; sourceTree = "<group>"; };
		0DE7043D2BF663C500315374 /* CustomTableViewCell.swift */ = {isa = PBXFileReference; lastKnownFileType = sourcecode.swift; path = CustomTableViewCell.swift; sourceTree = "<group>"; };
		0DE7043F2BF663DC00315374 /* PrimaryTableView.swift */ = {isa = PBXFileReference; lastKnownFileType = sourcecode.swift; path = PrimaryTableView.swift; sourceTree = "<group>"; };
		0DE704422BF6679100315374 /* DevInfoViewController.swift */ = {isa = PBXFileReference; lastKnownFileType = sourcecode.swift; path = DevInfoViewController.swift; sourceTree = "<group>"; };
		0DE704442BF6679900315374 /* DevInfoBuilder.swift */ = {isa = PBXFileReference; lastKnownFileType = sourcecode.swift; path = DevInfoBuilder.swift; sourceTree = "<group>"; };
		0DE7044A2BF669F700315374 /* UILabelExtension.swift */ = {isa = PBXFileReference; lastKnownFileType = sourcecode.swift; path = UILabelExtension.swift; sourceTree = "<group>"; };
		0DE7044D2BF6912000315374 /* RefereeView.swift */ = {isa = PBXFileReference; lastKnownFileType = sourcecode.swift; path = RefereeView.swift; sourceTree = "<group>"; };
		0DE7044F2BF7C88900315374 /* GamesStatsTableView.swift */ = {isa = PBXFileReference; lastKnownFileType = sourcecode.swift; path = GamesStatsTableView.swift; sourceTree = "<group>"; };
		0DE704522BF7C8BF00315374 /* GamesStatsCell.swift */ = {isa = PBXFileReference; lastKnownFileType = sourcecode.swift; path = GamesStatsCell.swift; sourceTree = "<group>"; };
		0DE704542BF7C9AA00315374 /* TeamGamesStats.swift */ = {isa = PBXFileReference; lastKnownFileType = sourcecode.swift; path = TeamGamesStats.swift; sourceTree = "<group>"; };
/* End PBXFileReference section */

/* Begin PBXFrameworksBuildPhase section */
		0DE703FA2BF6539600315374 /* Frameworks */ = {
			isa = PBXFrameworksBuildPhase;
			buildActionMask = 2147483647;
			files = (
			);
			runOnlyForDeploymentPostprocessing = 0;
		};
/* End PBXFrameworksBuildPhase section */

/* Begin PBXGroup section */
		0D3438362BFE242B000B20CC /* PreviewAvatar */ = {
			isa = PBXGroup;
			children = (
				0D3438372BFE2451000B20CC /* PreviewAvatarBuilder.swift */,
				0D3438392BFE247D000B20CC /* PreviewAvatarPresenter.swift */,
				0D34383B2BFE2490000B20CC /* PreviewAvatarRouter.swift */,
				0D34383D2BFE249E000B20CC /* PreviewAvatarViewController.swift */,
			);
			path = PreviewAvatar;
			sourceTree = "<group>";
		};
		0D4F30F22C04B1CB0053E5D5 /* Views */ = {
			isa = PBXGroup;
			children = (
				0D4F30F52C04B21E0053E5D5 /* Cells */,
				0DCFF94F2C0509E700DA858A /* TeamPlayersTableView.swift */,
			);
			path = Views;
			sourceTree = "<group>";
		};
		0D4F30F52C04B21E0053E5D5 /* Cells */ = {
			isa = PBXGroup;
			children = (
				0DCFF9532C050A1C00DA858A /* PlayerCell.swift */,
			);
			path = Cells;
			sourceTree = "<group>";
		};
		0DCFF96E2C064C4200DA858A /* Match */ = {
			isa = PBXGroup;
			children = (
				0DCFF96A2C064C4200DA858A /* MatchBuilder.swift */,
				0DCFF96B2C064C4200DA858A /* MatchPresenter.swift */,
				0DCFF96C2C064C4200DA858A /* MatchRouter.swift */,
				0DCFF96D2C064C4200DA858A /* MatchViewController.swift */,
			);
			path = Match;
			sourceTree = "<group>";
		};
		0DCFF9752C064E7800DA858A /* CustomViews */ = {
			isa = PBXGroup;
			children = (
				0DCFF9742C064E7800DA858A /* AppTagView.swift */,
			);
			path = CustomViews;
			sourceTree = "<group>";
		};
		0DDB12D22BFA425800ADA2D1 /* Team */ = {
			isa = PBXGroup;
			children = (
				0D4F30F22C04B1CB0053E5D5 /* Views */,
				0D3438362BFE242B000B20CC /* PreviewAvatar */,
				0DDB12D32BFA426900ADA2D1 /* TeamBuilder.swift */,
				0DDB12D52BFA426F00ADA2D1 /* TeamPresenter.swift */,
				0DDB12D72BFA427500ADA2D1 /* TeamRouter.swift */,
				0DDB12D92BFA427B00ADA2D1 /* TeamViewController.swift */,
			);
			path = Team;
			sourceTree = "<group>";
		};
		0DDB12DB2BFBB08000ADA2D1 /* RefereeCode */ = {
			isa = PBXGroup;
			children = (
				0DDB12DC2BFBB09800ADA2D1 /* RefereeCodeBuilder.swift */,
				0DDB12DE2BFBB0A300ADA2D1 /* RefereeCodePresenter.swift */,
				0DDB12E02BFBB0AB00ADA2D1 /* RefereeCodeRouter.swift */,
				0DDB12E22BFBB0B100ADA2D1 /* RefereeCodeViewController.swift */,
			);
			path = RefereeCode;
			sourceTree = "<group>";
		};
		0DE703F42BF6539600315374 = {
			isa = PBXGroup;
			children = (
				0DE703FF2BF6539600315374 /* FMKLApp */,
				0DE703FE2BF6539600315374 /* Products */,
			);
			sourceTree = "<group>";
		};
		0DE703FE2BF6539600315374 /* Products */ = {
			isa = PBXGroup;
			children = (
				0DE703FD2BF6539600315374 /* FMKLApp.app */,
			);
			name = Products;
			sourceTree = "<group>";
		};
		0DE703FF2BF6539600315374 /* FMKLApp */ = {
			isa = PBXGroup;
			children = (
				0DCFF9752C064E7800DA858A /* CustomViews */,
				0DE704382BF65EA200315374 /* Models */,
				0DE704312BF6598C00315374 /* Fonts */,
				0DDB12D22BFA425800ADA2D1 /* Team */,
				0DE704262BF6572A00315374 /* Settings */,
				0DE7041D2BF6563300315374 /* Main */,
				0DE7041A2BF655EE00315374 /* Extensions */,
				0DCFF96E2C064C4200DA858A /* Match */,
				0DE704152BF655A800315374 /* Utils */,
				0DE704142BF6559400315374 /* Application */,
				0DE704092BF6539700315374 /* Assets.xcassets */,
				0DE7040B2BF6539700315374 /* LaunchScreen.storyboard */,
				0DE7040E2BF6539700315374 /* Info.plist */,
			);
			path = FMKLApp;
			sourceTree = "<group>";
		};
		0DE704142BF6559400315374 /* Application */ = {
			isa = PBXGroup;
			children = (
				0DE704002BF6539600315374 /* AppDelegate.swift */,
				0DE704022BF6539600315374 /* SceneDelegate.swift */,
			);
			path = Application;
			sourceTree = "<group>";
		};
		0DE704152BF655A800315374 /* Utils */ = {
			isa = PBXGroup;
			children = (
				0DE704162BF655C200315374 /* UIViewPin.swift */,
				0DE704182BF655DF00315374 /* CustomTransitioning.swift */,
				0DE7042F2BF6584C00315374 /* Constants.swift */,
			);
			path = Utils;
			sourceTree = "<group>";
		};
		0DE7041A2BF655EE00315374 /* Extensions */ = {
			isa = PBXGroup;
			children = (
				0DE7041B2BF6561700315374 /* UIViewExtension.swift */,
				0DE7044A2BF669F700315374 /* UILabelExtension.swift */,
				0DDB12E42BFBB7FE00ADA2D1 /* UIViewControllerExtension.swift */,
			);
			path = Extensions;
			sourceTree = "<group>";
		};
		0DE7041D2BF6563300315374 /* Main */ = {
			isa = PBXGroup;
			children = (
				0DDB12DB2BFBB08000ADA2D1 /* RefereeCode */,
				0DE7044C2BF6911600315374 /* Views */,
				0DE704202BF6564B00315374 /* MainBuilder.swift */,
				0DE704222BF6565C00315374 /* MainPresenter.swift */,
				0DE704242BF6566100315374 /* MainRouter.swift */,
				0DE7041E2BF6564500315374 /* MainViewController.swift */,
			);
			path = Main;
			sourceTree = "<group>";
		};
		0DE704262BF6572A00315374 /* Settings */ = {
			isa = PBXGroup;
			children = (
				0DE704412BF6677B00315374 /* DevInfo */,
				0DE704342BF65E7200315374 /* Views */,
				0DE7042D2BF6574B00315374 /* SettingsBuilder.swift */,
				0DE7042B2BF6574400315374 /* SettingsPresenter.swift */,
				0DE704292BF6573B00315374 /* SettingsRouter.swift */,
				0DE704272BF6573500315374 /* SettingsViewController.swift */,
			);
			path = Settings;
			sourceTree = "<group>";
		};
		0DE704312BF6598C00315374 /* Fonts */ = {
			isa = PBXGroup;
			children = (
				0DE704322BF659AB00315374 /* Jellee-Roman.otf */,
			);
			path = Fonts;
			sourceTree = "<group>";
		};
		0DE704342BF65E7200315374 /* Views */ = {
			isa = PBXGroup;
			children = (
				0DE704352BF65E7A00315374 /* Cells */,
				0DE704362BF65E9A00315374 /* AppIconCollectionView.swift */,
				0DE7043F2BF663DC00315374 /* PrimaryTableView.swift */,
			);
			path = Views;
			sourceTree = "<group>";
		};
		0DE704352BF65E7A00315374 /* Cells */ = {
			isa = PBXGroup;
			children = (
				0DE7043B2BF65F2000315374 /* AppIconCell.swift */,
				0DE7043D2BF663C500315374 /* CustomTableViewCell.swift */,
			);
			path = Cells;
			sourceTree = "<group>";
		};
		0DE704382BF65EA200315374 /* Models */ = {
			isa = PBXGroup;
			children = (
				0DE704392BF65EB800315374 /* AppIcon.swift */,
				0DE704542BF7C9AA00315374 /* TeamGamesStats.swift */,
				0D4F980B2BF8BA6200E82383 /* PlayerStats.swift */,
				0DCFF9512C050A0200DA858A /* Player.swift */,
			);
			path = Models;
			sourceTree = "<group>";
		};
		0DE704412BF6677B00315374 /* DevInfo */ = {
			isa = PBXGroup;
			children = (
				0DE704442BF6679900315374 /* DevInfoBuilder.swift */,
				0DE704422BF6679100315374 /* DevInfoViewController.swift */,
			);
			path = DevInfo;
			sourceTree = "<group>";
		};
		0DE7044C2BF6911600315374 /* Views */ = {
			isa = PBXGroup;
			children = (
				0DE704512BF7C89000315374 /* Cells */,
				0DE7044D2BF6912000315374 /* RefereeView.swift */,
				0DE7044F2BF7C88900315374 /* GamesStatsTableView.swift */,
				0D4F98072BF8BA2200E82383 /* PlayersTableView.swift */,
			);
			path = Views;
			sourceTree = "<group>";
		};
		0DE704512BF7C89000315374 /* Cells */ = {
			isa = PBXGroup;
			children = (
				0DE704522BF7C8BF00315374 /* GamesStatsCell.swift */,
				0D4F98092BF8BA3200E82383 /* PlayerStatsCell.swift */,
			);
			path = Cells;
			sourceTree = "<group>";
		};
/* End PBXGroup section */

/* Begin PBXNativeTarget section */
		0DE703FC2BF6539600315374 /* FMKLApp */ = {
			isa = PBXNativeTarget;
			buildConfigurationList = 0DE704112BF6539700315374 /* Build configuration list for PBXNativeTarget "FMKLApp" */;
			buildPhases = (
				0DE703F92BF6539600315374 /* Sources */,
				0DE703FA2BF6539600315374 /* Frameworks */,
				0DE703FB2BF6539600315374 /* Resources */,
			);
			buildRules = (
			);
			dependencies = (
			);
			name = FMKLApp;
			productName = FMKLApp;
			productReference = 0DE703FD2BF6539600315374 /* FMKLApp.app */;
			productType = "com.apple.product-type.application";
		};
/* End PBXNativeTarget section */

/* Begin PBXProject section */
		0DE703F52BF6539600315374 /* Project object */ = {
			isa = PBXProject;
			attributes = {
				BuildIndependentTargetsInParallel = 1;
				LastSwiftUpdateCheck = 1530;
				LastUpgradeCheck = 1530;
				TargetAttributes = {
					0DE703FC2BF6539600315374 = {
						CreatedOnToolsVersion = 15.3;
					};
				};
			};
			buildConfigurationList = 0DE703F82BF6539600315374 /* Build configuration list for PBXProject "FMKLApp" */;
			compatibilityVersion = "Xcode 14.0";
			developmentRegion = en;
			hasScannedForEncodings = 0;
			knownRegions = (
				en,
				Base,
			);
			mainGroup = 0DE703F42BF6539600315374;
			productRefGroup = 0DE703FE2BF6539600315374 /* Products */;
			projectDirPath = "";
			projectRoot = "";
			targets = (
				0DE703FC2BF6539600315374 /* FMKLApp */,
			);
		};
/* End PBXProject section */

/* Begin PBXResourcesBuildPhase section */
		0DE703FB2BF6539600315374 /* Resources */ = {
			isa = PBXResourcesBuildPhase;
			buildActionMask = 2147483647;
			files = (
				0DE7040A2BF6539700315374 /* Assets.xcassets in Resources */,
				0DE7040D2BF6539700315374 /* Base in Resources */,
				0DE704332BF659AB00315374 /* Jellee-Roman.otf in Resources */,
			);
			runOnlyForDeploymentPostprocessing = 0;
		};
/* End PBXResourcesBuildPhase section */

/* Begin PBXSourcesBuildPhase section */
		0DE703F92BF6539600315374 /* Sources */ = {
			isa = PBXSourcesBuildPhase;
			buildActionMask = 2147483647;
			files = (
				0DE7043E2BF663C500315374 /* CustomTableViewCell.swift in Sources */,
				0DCFF9502C0509E700DA858A /* TeamPlayersTableView.swift in Sources */,
				0DE704212BF6564B00315374 /* MainBuilder.swift in Sources */,
				0DE7044E2BF6912000315374 /* RefereeView.swift in Sources */,
				0DE7044B2BF669F700315374 /* UILabelExtension.swift in Sources */,
				0DE704372BF65E9A00315374 /* AppIconCollectionView.swift in Sources */,
				0DE7043A2BF65EB800315374 /* AppIcon.swift in Sources */,
				0D34383C2BFE2490000B20CC /* PreviewAvatarRouter.swift in Sources */,
				0DCFF9702C064C4200DA858A /* MatchPresenter.swift in Sources */,
				0DE704552BF7C9AA00315374 /* TeamGamesStats.swift in Sources */,
				0DE7041F2BF6564500315374 /* MainViewController.swift in Sources */,
				0D34383A2BFE247D000B20CC /* PreviewAvatarPresenter.swift in Sources */,
				0DDB12E12BFBB0AB00ADA2D1 /* RefereeCodeRouter.swift in Sources */,
				0DE7042E2BF6574B00315374 /* SettingsBuilder.swift in Sources */,
				0DE704402BF663DC00315374 /* PrimaryTableView.swift in Sources */,
				0DE704282BF6573500315374 /* SettingsViewController.swift in Sources */,
				0DE704432BF6679100315374 /* DevInfoViewController.swift in Sources */,
				0D3438422BFE59BF000B20CC /* (null) in Sources */,
				0DCFF9712C064C4200DA858A /* MatchRouter.swift in Sources */,
				0DE704302BF6584C00315374 /* Constants.swift in Sources */,
				0DCFF9522C050A0200DA858A /* Player.swift in Sources */,
				0D3438382BFE2451000B20CC /* PreviewAvatarBuilder.swift in Sources */,
				0D4F98082BF8BA2200E82383 /* PlayersTableView.swift in Sources */,
				0D3438502BFE62F2000B20CC /* (null) in Sources */,
				0D34383E2BFE249E000B20CC /* PreviewAvatarViewController.swift in Sources */,
				0DE704532BF7C8BF00315374 /* GamesStatsCell.swift in Sources */,
				0DDB12E52BFBB7FE00ADA2D1 /* UIViewControllerExtension.swift in Sources */,
				0DCFF96F2C064C4200DA858A /* MatchBuilder.swift in Sources */,
				0DE704012BF6539600315374 /* AppDelegate.swift in Sources */,
				0DCFF9722C064C4200DA858A /* MatchViewController.swift in Sources */,
				0D34384B2BFE5BD3000B20CC /* (null) in Sources */,
				0D4F980C2BF8BA6200E82383 /* PlayerStats.swift in Sources */,
				0DE704452BF6679900315374 /* DevInfoBuilder.swift in Sources */,
				0DE704232BF6565C00315374 /* MainPresenter.swift in Sources */,
				0DCFF9542C050A1C00DA858A /* PlayerCell.swift in Sources */,
				0D3438492BFE5BCB000B20CC /* (null) in Sources */,
				0DDB12DD2BFBB09800ADA2D1 /* RefereeCodeBuilder.swift in Sources */,
				0DDB12D82BFA427500ADA2D1 /* TeamRouter.swift in Sources */,
				0DE704502BF7C88900315374 /* GamesStatsTableView.swift in Sources */,
				0D3438452BFE5BBE000B20CC /* (null) in Sources */,
				0DDB12DF2BFBB0A300ADA2D1 /* RefereeCodePresenter.swift in Sources */,
				0DE704252BF6566100315374 /* MainRouter.swift in Sources */,
				0DE7042C2BF6574400315374 /* SettingsPresenter.swift in Sources */,
				0DE704192BF655DF00315374 /* CustomTransitioning.swift in Sources */,
				0DDB12D62BFA426F00ADA2D1 /* TeamPresenter.swift in Sources */,
				0DE704172BF655C200315374 /* UIViewPin.swift in Sources */,
				0DE7042A2BF6573B00315374 /* SettingsRouter.swift in Sources */,
				0D4F980A2BF8BA3200E82383 /* PlayerStatsCell.swift in Sources */,
				0DDB12D42BFA426A00ADA2D1 /* TeamBuilder.swift in Sources */,
				0D3438472BFE5BC4000B20CC /* (null) in Sources */,
				0DE7041C2BF6561700315374 /* UIViewExtension.swift in Sources */,
				0DCFF9762C064E7800DA858A /* AppTagView.swift in Sources */,
				0DE7043C2BF65F2000315374 /* AppIconCell.swift in Sources */,
				0DDB12DA2BFA427B00ADA2D1 /* TeamViewController.swift in Sources */,
				0DDB12E32BFBB0B100ADA2D1 /* RefereeCodeViewController.swift in Sources */,
				0DE704032BF6539600315374 /* SceneDelegate.swift in Sources */,
			);
			runOnlyForDeploymentPostprocessing = 0;
		};
/* End PBXSourcesBuildPhase section */

/* Begin PBXVariantGroup section */
		0DE7040B2BF6539700315374 /* LaunchScreen.storyboard */ = {
			isa = PBXVariantGroup;
			children = (
				0DE7040C2BF6539700315374 /* Base */,
			);
			name = LaunchScreen.storyboard;
			sourceTree = "<group>";
		};
/* End PBXVariantGroup section */

/* Begin XCBuildConfiguration section */
		0DE7040F2BF6539700315374 /* Debug */ = {
			isa = XCBuildConfiguration;
			buildSettings = {
				ALWAYS_SEARCH_USER_PATHS = NO;
				ASSETCATALOG_COMPILER_GENERATE_SWIFT_ASSET_SYMBOL_EXTENSIONS = YES;
				CLANG_ANALYZER_NONNULL = YES;
				CLANG_ANALYZER_NUMBER_OBJECT_CONVERSION = YES_AGGRESSIVE;
				CLANG_CXX_LANGUAGE_STANDARD = "gnu++20";
				CLANG_ENABLE_MODULES = YES;
				CLANG_ENABLE_OBJC_ARC = YES;
				CLANG_ENABLE_OBJC_WEAK = YES;
				CLANG_WARN_BLOCK_CAPTURE_AUTORELEASING = YES;
				CLANG_WARN_BOOL_CONVERSION = YES;
				CLANG_WARN_COMMA = YES;
				CLANG_WARN_CONSTANT_CONVERSION = YES;
				CLANG_WARN_DEPRECATED_OBJC_IMPLEMENTATIONS = YES;
				CLANG_WARN_DIRECT_OBJC_ISA_USAGE = YES_ERROR;
				CLANG_WARN_DOCUMENTATION_COMMENTS = YES;
				CLANG_WARN_EMPTY_BODY = YES;
				CLANG_WARN_ENUM_CONVERSION = YES;
				CLANG_WARN_INFINITE_RECURSION = YES;
				CLANG_WARN_INT_CONVERSION = YES;
				CLANG_WARN_NON_LITERAL_NULL_CONVERSION = YES;
				CLANG_WARN_OBJC_IMPLICIT_RETAIN_SELF = YES;
				CLANG_WARN_OBJC_LITERAL_CONVERSION = YES;
				CLANG_WARN_OBJC_ROOT_CLASS = YES_ERROR;
				CLANG_WARN_QUOTED_INCLUDE_IN_FRAMEWORK_HEADER = YES;
				CLANG_WARN_RANGE_LOOP_ANALYSIS = YES;
				CLANG_WARN_STRICT_PROTOTYPES = YES;
				CLANG_WARN_SUSPICIOUS_MOVE = YES;
				CLANG_WARN_UNGUARDED_AVAILABILITY = YES_AGGRESSIVE;
				CLANG_WARN_UNREACHABLE_CODE = YES;
				CLANG_WARN__DUPLICATE_METHOD_MATCH = YES;
				COPY_PHASE_STRIP = NO;
				DEBUG_INFORMATION_FORMAT = dwarf;
				ENABLE_STRICT_OBJC_MSGSEND = YES;
				ENABLE_TESTABILITY = YES;
				ENABLE_USER_SCRIPT_SANDBOXING = YES;
				GCC_C_LANGUAGE_STANDARD = gnu17;
				GCC_DYNAMIC_NO_PIC = NO;
				GCC_NO_COMMON_BLOCKS = YES;
				GCC_OPTIMIZATION_LEVEL = 0;
				GCC_PREPROCESSOR_DEFINITIONS = (
					"DEBUG=1",
					"$(inherited)",
				);
				GCC_WARN_64_TO_32_BIT_CONVERSION = YES;
				GCC_WARN_ABOUT_RETURN_TYPE = YES_ERROR;
				GCC_WARN_UNDECLARED_SELECTOR = YES;
				GCC_WARN_UNINITIALIZED_AUTOS = YES_AGGRESSIVE;
				GCC_WARN_UNUSED_FUNCTION = YES;
				GCC_WARN_UNUSED_VARIABLE = YES;
				IPHONEOS_DEPLOYMENT_TARGET = 17.4;
				LOCALIZATION_PREFERS_STRING_CATALOGS = YES;
				MTL_ENABLE_DEBUG_INFO = INCLUDE_SOURCE;
				MTL_FAST_MATH = YES;
				ONLY_ACTIVE_ARCH = YES;
				SDKROOT = iphoneos;
				SWIFT_ACTIVE_COMPILATION_CONDITIONS = "DEBUG $(inherited)";
				SWIFT_OPTIMIZATION_LEVEL = "-Onone";
			};
			name = Debug;
		};
		0DE704102BF6539700315374 /* Release */ = {
			isa = XCBuildConfiguration;
			buildSettings = {
				ALWAYS_SEARCH_USER_PATHS = NO;
				ASSETCATALOG_COMPILER_GENERATE_SWIFT_ASSET_SYMBOL_EXTENSIONS = YES;
				CLANG_ANALYZER_NONNULL = YES;
				CLANG_ANALYZER_NUMBER_OBJECT_CONVERSION = YES_AGGRESSIVE;
				CLANG_CXX_LANGUAGE_STANDARD = "gnu++20";
				CLANG_ENABLE_MODULES = YES;
				CLANG_ENABLE_OBJC_ARC = YES;
				CLANG_ENABLE_OBJC_WEAK = YES;
				CLANG_WARN_BLOCK_CAPTURE_AUTORELEASING = YES;
				CLANG_WARN_BOOL_CONVERSION = YES;
				CLANG_WARN_COMMA = YES;
				CLANG_WARN_CONSTANT_CONVERSION = YES;
				CLANG_WARN_DEPRECATED_OBJC_IMPLEMENTATIONS = YES;
				CLANG_WARN_DIRECT_OBJC_ISA_USAGE = YES_ERROR;
				CLANG_WARN_DOCUMENTATION_COMMENTS = YES;
				CLANG_WARN_EMPTY_BODY = YES;
				CLANG_WARN_ENUM_CONVERSION = YES;
				CLANG_WARN_INFINITE_RECURSION = YES;
				CLANG_WARN_INT_CONVERSION = YES;
				CLANG_WARN_NON_LITERAL_NULL_CONVERSION = YES;
				CLANG_WARN_OBJC_IMPLICIT_RETAIN_SELF = YES;
				CLANG_WARN_OBJC_LITERAL_CONVERSION = YES;
				CLANG_WARN_OBJC_ROOT_CLASS = YES_ERROR;
				CLANG_WARN_QUOTED_INCLUDE_IN_FRAMEWORK_HEADER = YES;
				CLANG_WARN_RANGE_LOOP_ANALYSIS = YES;
				CLANG_WARN_STRICT_PROTOTYPES = YES;
				CLANG_WARN_SUSPICIOUS_MOVE = YES;
				CLANG_WARN_UNGUARDED_AVAILABILITY = YES_AGGRESSIVE;
				CLANG_WARN_UNREACHABLE_CODE = YES;
				CLANG_WARN__DUPLICATE_METHOD_MATCH = YES;
				COPY_PHASE_STRIP = NO;
				DEBUG_INFORMATION_FORMAT = "dwarf-with-dsym";
				ENABLE_NS_ASSERTIONS = NO;
				ENABLE_STRICT_OBJC_MSGSEND = YES;
				ENABLE_USER_SCRIPT_SANDBOXING = YES;
				GCC_C_LANGUAGE_STANDARD = gnu17;
				GCC_NO_COMMON_BLOCKS = YES;
				GCC_WARN_64_TO_32_BIT_CONVERSION = YES;
				GCC_WARN_ABOUT_RETURN_TYPE = YES_ERROR;
				GCC_WARN_UNDECLARED_SELECTOR = YES;
				GCC_WARN_UNINITIALIZED_AUTOS = YES_AGGRESSIVE;
				GCC_WARN_UNUSED_FUNCTION = YES;
				GCC_WARN_UNUSED_VARIABLE = YES;
				IPHONEOS_DEPLOYMENT_TARGET = 17.4;
				LOCALIZATION_PREFERS_STRING_CATALOGS = YES;
				MTL_ENABLE_DEBUG_INFO = NO;
				MTL_FAST_MATH = YES;
				SDKROOT = iphoneos;
				SWIFT_COMPILATION_MODE = wholemodule;
				VALIDATE_PRODUCT = YES;
			};
			name = Release;
		};
		0DE704122BF6539700315374 /* Debug */ = {
			isa = XCBuildConfiguration;
			buildSettings = {
				ASSETCATALOG_COMPILER_APPICON_NAME = AppIconBlack;
				ASSETCATALOG_COMPILER_GLOBAL_ACCENT_COLOR_NAME = AccentColor;
				ASSETCATALOG_COMPILER_INCLUDE_ALL_APPICON_ASSETS = YES;
				CODE_SIGN_STYLE = Automatic;
				CURRENT_PROJECT_VERSION = 1;
				DEVELOPMENT_TEAM = MV84AF3V6Q;
				GENERATE_INFOPLIST_FILE = YES;
				INFOPLIST_FILE = FMKLApp/Info.plist;
				INFOPLIST_KEY_LSApplicationCategoryType = "public.app-category.sports";
				INFOPLIST_KEY_UIApplicationSupportsIndirectInputEvents = YES;
				INFOPLIST_KEY_UILaunchStoryboardName = LaunchScreen;
				INFOPLIST_KEY_UISupportedInterfaceOrientations = "";
				INFOPLIST_KEY_UISupportedInterfaceOrientations_iPad = "";
				INFOPLIST_KEY_UISupportedInterfaceOrientations_iPhone = UIInterfaceOrientationPortrait;
				LD_RUNPATH_SEARCH_PATHS = (
					"$(inherited)",
					"@executable_path/Frameworks",
				);
				MARKETING_VERSION = 1.0;
				PRODUCT_BUNDLE_IDENTIFIER = com.flowykk.FMKLApp;
				PRODUCT_NAME = "$(TARGET_NAME)";
				SWIFT_EMIT_LOC_STRINGS = YES;
				SWIFT_VERSION = 5.0;
				TARGETED_DEVICE_FAMILY = "1,2";
			};
			name = Debug;
		};
		0DE704132BF6539700315374 /* Release */ = {
			isa = XCBuildConfiguration;
			buildSettings = {
				ASSETCATALOG_COMPILER_APPICON_NAME = AppIconBlack;
				ASSETCATALOG_COMPILER_GLOBAL_ACCENT_COLOR_NAME = AccentColor;
				ASSETCATALOG_COMPILER_INCLUDE_ALL_APPICON_ASSETS = YES;
				CODE_SIGN_STYLE = Automatic;
				CURRENT_PROJECT_VERSION = 1;
				DEVELOPMENT_TEAM = MV84AF3V6Q;
				GENERATE_INFOPLIST_FILE = YES;
				INFOPLIST_FILE = FMKLApp/Info.plist;
				INFOPLIST_KEY_LSApplicationCategoryType = "public.app-category.sports";
				INFOPLIST_KEY_UIApplicationSupportsIndirectInputEvents = YES;
				INFOPLIST_KEY_UILaunchStoryboardName = LaunchScreen;
				INFOPLIST_KEY_UISupportedInterfaceOrientations = "";
				INFOPLIST_KEY_UISupportedInterfaceOrientations_iPad = "";
				INFOPLIST_KEY_UISupportedInterfaceOrientations_iPhone = UIInterfaceOrientationPortrait;
				LD_RUNPATH_SEARCH_PATHS = (
					"$(inherited)",
					"@executable_path/Frameworks",
				);
				MARKETING_VERSION = 1.0;
				PRODUCT_BUNDLE_IDENTIFIER = com.flowykk.FMKLApp;
				PRODUCT_NAME = "$(TARGET_NAME)";
				SWIFT_EMIT_LOC_STRINGS = YES;
				SWIFT_VERSION = 5.0;
				TARGETED_DEVICE_FAMILY = "1,2";
			};
			name = Release;
		};
/* End XCBuildConfiguration section */

/* Begin XCConfigurationList section */
		0DE703F82BF6539600315374 /* Build configuration list for PBXProject "FMKLApp" */ = {
			isa = XCConfigurationList;
			buildConfigurations = (
				0DE7040F2BF6539700315374 /* Debug */,
				0DE704102BF6539700315374 /* Release */,
			);
			defaultConfigurationIsVisible = 0;
			defaultConfigurationName = Release;
		};
		0DE704112BF6539700315374 /* Build configuration list for PBXNativeTarget "FMKLApp" */ = {
			isa = XCConfigurationList;
			buildConfigurations = (
				0DE704122BF6539700315374 /* Debug */,
				0DE704132BF6539700315374 /* Release */,
			);
			defaultConfigurationIsVisible = 0;
			defaultConfigurationName = Release;
		};
/* End XCConfigurationList section */
	};
	rootObject = 0DE703F52BF6539600315374 /* Project object */;
}
